Microsoft Visual Studio Solution File, Format Version 12.00
# Visual Studio Version 17
VisualStudioVersion = 17.0.31903.59
MinimumVisualStudioVersion = 10.0.40219.1
Project("{FAE04EC0-301F-11D3-BF4B-00C04F79EFBC}") = "KnownFolderRelocator", "src\KnownFolderRelocator\KnownFolderRelocator.csproj", "{C6A50EF2-3E9B-4DF0-A43E-703E59C5170B}"
EndProject
Project("{FAE04EC0-301F-11D3-BF4B-00C04F79EFBC}") = "KnownFolderRelocator.Tests", "tests\KnownFolderRelocator.Tests\KnownFolderRelocator.Tests.csproj", "{135E8CD1-04C6-456A-B7F3-C5E2C5B019F8}"
EndProject
Global
	GlobalSection(SolutionConfigurationPlatforms) = preSolution
		Debug|Any CPU = Debug|Any CPU
		Release|Any CPU = Release|Any CPU
	EndGlobalSection
	GlobalSection(ProjectConfigurationPlatforms) = postSolution
		{C6A50EF2-3E9B-4DF0-A43E-703E59C5170B}.Debug|Any CPU.ActiveCfg = Debug|Any CPU
		{C6A50EF2-3E9B-4DF0-A43E-703E59C5170B}.Debug|Any CPU.Build.0 = Debug|Any CPU
		{C6A50EF2-3E9B-4DF0-A43E-703E59C5170B}.Release|Any CPU.ActiveCfg = Release|Any CPU
		{C6A50EF2-3E9B-4DF0-A43E-703E59C5170B}.Release|Any CPU.Build.0 = Release|Any CPU
		{135E8CD1-04C6-456A-B7F3-C5E2C5B019F8}.Debug|Any CPU.ActiveCfg = Debug|Any CPU
		{135E8CD1-04C6-456A-B7F3-C5E2C5B019F8}.Debug|Any CPU.Build.0 = Debug|Any CPU
		{135E8CD1-04C6-456A-B7F3-C5E2C5B019F8}.Release|Any CPU.ActiveCfg = Release|Any CPU
		{135E8CD1-04C6-456A-B7F3-C5E2C5B019F8}.Release|Any CPU.Build.0 = Release|Any CPU
	EndGlobalSection
EndGlobal
